// !$*UTF8*$!
{
	archiveVersion = 1;
	classes = {
	};
	objectVersion = 77;
	objects = {

/* Begin PBXBuildFile section */
		EF84F46D2DD7EAF5000D2534 /* FirebaseAnalytics in Frameworks */ = {isa = PBXBuildFile; productRef = EF84F46C2DD7EAF5000D2534 /* FirebaseAnalytics */; };
		EF84F46F2DD7EAF5000D2534 /* FirebaseAuth in Frameworks */ = {isa = PBXBuildFile; productRef = EF84F46E2DD7EAF5000D2534 /* FirebaseAuth */; };
		EF84F4712DD7EAF5000D2534 /* FirebaseCore in Frameworks */ = {isa = PBXBuildFile; productRef = EF84F4702DD7EAF5000D2534 /* FirebaseCore */; };
		EF84F4732DD7EAF5000D2534 /* FirebaseDatabase in Frameworks */ = {isa = PBXBuildFile; productRef = EF84F4722DD7EAF5000D2534 /* FirebaseDatabase */; };
		EF84F4752DD7EAF5000D2534 /* FirebaseFirestore in Frameworks */ = {isa = PBXBuildFile; productRef = EF84F4742DD7EAF5000D2534 /* FirebaseFirestore */; };
		EF84F4772DD7EAF5000D2534 /* FirebaseFirestoreCombine-Community in Frameworks */ = {isa = PBXBuildFile; productRef = EF84F4762DD7EAF5000D2534 /* FirebaseFirestoreCombine-Community */; };
		EF84F4792DD7EAF5000D2534 /* FirebaseStorage in Frameworks */ = {isa = PBXBuildFile; productRef = EF84F4782DD7EAF5000D2534 /* FirebaseStorage */; };
		EF84F47B2DD7EAF5000D2534 /* FirebaseStorageCombine-Community in Frameworks */ = {isa = PBXBuildFile; productRef = EF84F47A2DD7EAF5000D2534 /* FirebaseStorageCombine-Community */; };
/* End PBXBuildFile section */

/* Begin PBXContainerItemProxy section */
		EF84F44C2DD7E40E000D2534 /* PBXContainerItemProxy */ = {
			isa = PBXContainerItemProxy;
			containerPortal = EF84F42D2DD7E40C000D2534 /* Project object */;
			proxyType = 1;
			remoteGlobalIDString = EF84F4342DD7E40C000D2534;
			remoteInfo = Mutfaktan;
		};
		EF84F4562DD7E40E000D2534 /* PBXContainerItemProxy */ = {
			isa = PBXContainerItemProxy;
			containerPortal = EF84F42D2DD7E40C000D2534 /* Project object */;
			proxyType = 1;
			remoteGlobalIDString = EF84F4342DD7E40C000D2534;
			remoteInfo = Mutfaktan;
		};
/* End PBXContainerItemProxy section */

/* Begin PBXFileReference section */
		EF84F4352DD7E40C000D2534 /* Mutfaktan.app */ = {isa = PBXFileReference; explicitFileType = wrapper.application; includeInIndex = 0; path = Mutfaktan.app; sourceTree = BUILT_PRODUCTS_DIR; };
		EF84F44B2DD7E40E000D2534 /* MutfaktanTests.xctest */ = {isa = PBXFileReference; explicitFileType = wrapper.cfbundle; includeInIndex = 0; path = MutfaktanTests.xctest; sourceTree = BUILT_PRODUCTS_DIR; };
		EF84F4552DD7E40E000D2534 /* MutfaktanUITests.xctest */ = {isa = PBXFileReference; explicitFileType = wrapper.cfbundle; includeInIndex = 0; path = MutfaktanUITests.xctest; sourceTree = BUILT_PRODUCTS_DIR; };
/* End PBXFileReference section */

/* Begin PBXFileSystemSynchronizedBuildFileExceptionSet section */
		EF679D592DDC8130003925E6 /* Exceptions for "Mutfaktan" folder in "Mutfaktan" target */ = {
			isa = PBXFileSystemSynchronizedBuildFileExceptionSet;
			membershipExceptions = (
				"Supporting Files/Info.plist",
			);
			target = EF84F4342DD7E40C000D2534 /* Mutfaktan */;
		};
/* End PBXFileSystemSynchronizedBuildFileExceptionSet section */

/* Begin PBXFileSystemSynchronizedRootGroup section */
		EF84F4372DD7E40C000D2534 /* Mutfaktan */ = {
			isa = PBXFileSystemSynchronizedRootGroup;
			exceptions = (
				EF679D592DDC8130003925E6 /* Exceptions for "Mutfaktan" folder in "Mutfaktan" target */,
			);
			path = Mutfaktan;
			sourceTree = "<group>";
		};
		EF84F44E2DD7E40E000D2534 /* MutfaktanTests */ = {
			isa = PBXFileSystemSynchronizedRootGroup;
			path = MutfaktanTests;
			sourceTree = "<group>";
		};
		EF84F4582DD7E40E000D2534 /* MutfaktanUITests */ = {
			isa = PBXFileSystemSynchronizedRootGroup;
			path = MutfaktanUITests;
			sourceTree = "<group>";
		};
/* End PBXFileSystemSynchronizedRootGroup section */

/* Begin PBXFrameworksBuildPhase section */
		EF84F4322DD7E40C000D2534 /* Frameworks */ = {
			isa = PBXFrameworksBuildPhase;
			buildActionMask = 2147483647;
			files = (
				EF84F46D2DD7EAF5000D2534 /* FirebaseAnalytics in Frameworks */,
				EF84F4712DD7EAF5000D2534 /* FirebaseCore in Frameworks */,
				EF84F47B2DD7EAF5000D2534 /* FirebaseStorageCombine-Community in Frameworks */,
				EF84F4732DD7EAF5000D2534 /* FirebaseDatabase in Frameworks */,
				EF84F4772DD7EAF5000D2534 /* FirebaseFirestoreCombine-Community in Frameworks */,
				EF84F4792DD7EAF5000D2534 /* FirebaseStorage in Frameworks */,
				EF84F4752DD7EAF5000D2534 /* FirebaseFirestore in Frameworks */,
				EF84F46F2DD7EAF5000D2534 /* FirebaseAuth in Frameworks */,
			);
			runOnlyForDeploymentPostprocessing = 0;
		};
		EF84F4482DD7E40E000D2534 /* Frameworks */ = {
			isa = PBXFrameworksBuildPhase;
			buildActionMask = 2147483647;
			files = (
			);
			runOnlyForDeploymentPostprocessing = 0;
		};
		EF84F4522DD7E40E000D2534 /* Frameworks */ = {
			isa = PBXFrameworksBuildPhase;
			buildActionMask = 2147483647;
			files = (
			);
			runOnlyForDeploymentPostprocessing = 0;
		};
/* End PBXFrameworksBuildPhase section */

/* Begin PBXGroup section */
		EF84F42C2DD7E40C000D2534 = {
			isa = PBXGroup;
			children = (
				EF84F4372DD7E40C000D2534 /* Mutfaktan */,
				EF84F44E2DD7E40E000D2534 /* MutfaktanTests */,
				EF84F4582DD7E40E000D2534 /* MutfaktanUITests */,
				EF84F4362DD7E40C000D2534 /* Products */,
			);
			sourceTree = "<group>";
		};
		EF84F4362DD7E40C000D2534 /* Products */ = {
			isa = PBXGroup;
			children = (
				EF84F4352DD7E40C000D2534 /* Mutfaktan.app */,
				EF84F44B2DD7E40E000D2534 /* MutfaktanTests.xctest */,
				EF84F4552DD7E40E000D2534 /* MutfaktanUITests.xctest */,
			);
			name = Products;
			sourceTree = "<group>";
		};
/* End PBXGroup section */

/* Begin PBXNativeTarget section */
		EF84F4342DD7E40C000D2534 /* Mutfaktan */ = {
			isa = PBXNativeTarget;
			buildConfigurationList = EF84F45E2DD7E40E000D2534 /* Build configuration list for PBXNativeTarget "Mutfaktan" */;
			buildPhases = (
				EF84F4312DD7E40C000D2534 /* Sources */,
				EF84F4322DD7E40C000D2534 /* Frameworks */,
				EF84F4332DD7E40C000D2534 /* Resources */,
			);
			buildRules = (
			);
			dependencies = (
			);
			fileSystemSynchronizedGroups = (
				EF84F4372DD7E40C000D2534 /* Mutfaktan */,
			);
			name = Mutfaktan;
			packageProductDependencies = (
				EF84F46C2DD7EAF5000D2534 /* FirebaseAnalytics */,
				EF84F46E2DD7EAF5000D2534 /* FirebaseAuth */,
				EF84F4702DD7EAF5000D2534 /* FirebaseCore */,
				EF84F4722DD7EAF5000D2534 /* FirebaseDatabase */,
				EF84F4742DD7EAF5000D2534 /* FirebaseFirestore */,
				EF84F4762DD7EAF5000D2534 /* FirebaseFirestoreCombine-Community */,
				EF84F4782DD7EAF5000D2534 /* FirebaseStorage */,
				EF84F47A2DD7EAF5000D2534 /* FirebaseStorageCombine-Community */,
			);
			productName = Mutfaktan;
			productReference = EF84F4352DD7E40C000D2534 /* Mutfaktan.app */;
			productType = "com.apple.product-type.application";
		};
		EF84F44A2DD7E40E000D2534 /* MutfaktanTests */ = {
			isa = PBXNativeTarget;
			buildConfigurationList = EF84F4632DD7E40E000D2534 /* Build configuration list for PBXNativeTarget "MutfaktanTests" */;
			buildPhases = (
				EF84F4472DD7E40E000D2534 /* Sources */,
				EF84F4482DD7E40E000D2534 /* Frameworks */,
				EF84F4492DD7E40E000D2534 /* Resources */,
			);
			buildRules = (
			);
			dependencies = (
				EF84F44D2DD7E40E000D2534 /* PBXTargetDependency */,
			);
			fileSystemSynchronizedGroups = (
				EF84F44E2DD7E40E000D2534 /* MutfaktanTests */,
			);
			name = MutfaktanTests;
			packageProductDependencies = (
			);
			productName = MutfaktanTests;
			productReference = EF84F44B2DD7E40E000D2534 /* MutfaktanTests.xctest */;
			productType = "com.apple.product-type.bundle.unit-test";
		};
		EF84F4542DD7E40E000D2534 /* MutfaktanUITests */ = {
			isa = PBXNativeTarget;
			buildConfigurationList = EF84F4662DD7E40E000D2534 /* Build configuration list for PBXNativeTarget "MutfaktanUITests" */;
			buildPhases = (
				EF84F4512DD7E40E000D2534 /* Sources */,
				EF84F4522DD7E40E000D2534 /* Frameworks */,
				EF84F4532DD7E40E000D2534 /* Resources */,
			);
			buildRules = (
			);
			dependencies = (
				EF84F4572DD7E40E000D2534 /* PBXTargetDependency */,
			);
			fileSystemSynchronizedGroups = (
				EF84F4582DD7E40E000D2534 /* MutfaktanUITests */,
			);
			name = MutfaktanUITests;
			packageProductDependencies = (
			);
			productName = MutfaktanUITests;
			productReference = EF84F4552DD7E40E000D2534 /* MutfaktanUITests.xctest */;
			productType = "com.apple.product-type.bundle.ui-testing";
		};
/* End PBXNativeTarget section */

/* Begin PBXProject section */
		EF84F42D2DD7E40C000D2534 /* Project object */ = {
			isa = PBXProject;
			attributes = {
				BuildIndependentTargetsInParallel = 1;
				LastSwiftUpdateCheck = 1630;
				LastUpgradeCheck = 1630;
				TargetAttributes = {
					EF84F4342DD7E40C000D2534 = {
						CreatedOnToolsVersion = 16.3;
					};
					EF84F44A2DD7E40E000D2534 = {
						CreatedOnToolsVersion = 16.3;
						TestTargetID = EF84F4342DD7E40C000D2534;
					};
					EF84F4542DD7E40E000D2534 = {
						CreatedOnToolsVersion = 16.3;
						TestTargetID = EF84F4342DD7E40C000D2534;
					};
				};
			};
			buildConfigurationList = EF84F4302DD7E40C000D2534 /* Build configuration list for PBXProject "Mutfaktan" */;
			developmentRegion = en;
			hasScannedForEncodings = 0;
			knownRegions = (
				en,
				Base,
			);
			mainGroup = EF84F42C2DD7E40C000D2534;
			minimizedProjectReferenceProxies = 1;
			packageReferences = (
				EF84F46B2DD7EAF5000D2534 /* XCRemoteSwiftPackageReference "firebase-ios-sdk" */,
			);
			preferredProjectObjectVersion = 77;
			productRefGroup = EF84F4362DD7E40C000D2534 /* Products */;
			projectDirPath = "";
			projectRoot = "";
			targets = (
				EF84F4342DD7E40C000D2534 /* Mutfaktan */,
				EF84F44A2DD7E40E000D2534 /* MutfaktanTests */,
				EF84F4542DD7E40E000D2534 /* MutfaktanUITests */,
			);
		};
/* End PBXProject section */

/* Begin PBXResourcesBuildPhase section */
		EF84F4332DD7E40C000D2534 /* Resources */ = {
			isa = PBXResourcesBuildPhase;
			buildActionMask = 2147483647;
			files = (
			);
			runOnlyForDeploymentPostprocessing = 0;
		};
		EF84F4492DD7E40E000D2534 /* Resources */ = {
			isa = PBXResourcesBuildPhase;
			buildActionMask = 2147483647;
			files = (
			);
			runOnlyForDeploymentPostprocessing = 0;
		};
		EF84F4532DD7E40E000D2534 /* Resources */ = {
			isa = PBXResourcesBuildPhase;
			buildActionMask = 2147483647;
			files = (
			);
			runOnlyForDeploymentPostprocessing = 0;
		};
/* End PBXResourcesBuildPhase section */

/* Begin PBXSourcesBuildPhase section */
		EF84F4312DD7E40C000D2534 /* Sources */ = {
			isa = PBXSourcesBuildPhase;
			buildActionMask = 2147483647;
			files = (
			);
			runOnlyForDeploymentPostprocessing = 0;
		};
		EF84F4472DD7E40E000D2534 /* Sources */ = {
			isa = PBXSourcesBuildPhase;
			buildActionMask = 2147483647;
			files = (
			);
			runOnlyForDeploymentPostprocessing = 0;
		};
		EF84F4512DD7E40E000D2534 /* Sources */ = {
			isa = PBXSourcesBuildPhase;
			buildActionMask = 2147483647;
			files = (
			);
			runOnlyForDeploymentPostprocessing = 0;
		};
/* End PBXSourcesBuildPhase section */

/* Begin PBXTargetDependency section */
		EF84F44D2DD7E40E000D2534 /* PBXTargetDependency */ = {
			isa = PBXTargetDependency;
			target = EF84F4342DD7E40C000D2534 /* Mutfaktan */;
			targetProxy = EF84F44C2DD7E40E000D2534 /* PBXContainerItemProxy */;
		};
		EF84F4572DD7E40E000D2534 /* PBXTargetDependency */ = {
			isa = PBXTargetDependency;
			target = EF84F4342DD7E40C000D2534 /* Mutfaktan */;
			targetProxy = EF84F4562DD7E40E000D2534 /* PBXContainerItemProxy */;
		};
/* End PBXTargetDependency section */

/* Begin XCBuildConfiguration section */
		EF84F45F2DD7E40E000D2534 /* Debug */ = {
			isa = XCBuildConfiguration;
			buildSettings = {
				ASSETCATALOG_COMPILER_APPICON_NAME = AppIcon;
				ASSETCATALOG_COMPILER_GLOBAL_ACCENT_COLOR_NAME = AccentColor;
				CODE_SIGN_STYLE = Automatic;
				CURRENT_PROJECT_VERSION = 1;
				DEVELOPMENT_TEAM = 8GV7LA2PP6;
				GENERATE_INFOPLIST_FILE = YES;
				INFOPLIST_FILE = "Mutfaktan/Supporting Files/Info.plist";
				INFOPLIST_KEY_UIApplicationSupportsIndirectInputEvents = YES;
				INFOPLIST_KEY_UILaunchStoryboardName = LaunchScreen;
				INFOPLIST_KEY_UIMainStoryboardFile = Main;
				INFOPLIST_KEY_UISupportedInterfaceOrientations_iPad = "UIInterfaceOrientationPortrait UIInterfaceOrientationPortraitUpsideDown UIInterfaceOrientationLandscapeLeft UIInterfaceOrientationLandscapeRight";
				INFOPLIST_KEY_UISupportedInterfaceOrientations_iPhone = "UIInterfaceOrientationPortrait UIInterfaceOrientationLandscapeLeft UIInterfaceOrientationLandscapeRight";
				LD_RUNPATH_SEARCH_PATHS = (
					"$(inherited)",
					"@executable_path/Frameworks",
				);
				MARKETING_VERSION = 1.0;
				PRODUCT_BUNDLE_IDENTIFIER = oP.Mutfaktan;
				PRODUCT_NAME = "$(TARGET_NAME)";
				SWIFT_EMIT_LOC_STRINGS = YES;
				SWIFT_VERSION = 5.0;
				TARGETED_DEVICE_FAMILY = "1,2";
			};
			name = Debug;
		};
		EF84F4602DD7E40E000D2534 /* Release */ = {
			isa = XCBuildConfiguration;
			buildSettings = {
				ASSETCATALOG_COMPILER_APPICON_NAME = AppIcon;
				ASSETCATALOG_COMPILER_GLOBAL_ACCENT_COLOR_NAME = AccentColor;
				CODE_SIGN_STYLE = Automatic;
				CURRENT_PROJECT_VERSION = 1;
				DEVELOPMENT_TEAM = 8GV7LA2PP6;
				GENERATE_INFOPLIST_FILE = YES;
				INFOPLIST_FILE = "Mutfaktan/Supporting Files/Info.plist";
				INFOPLIST_KEY_UIApplicationSupportsIndirectInputEvents = YES;
				INFOPLIST_KEY_UILaunchStoryboardName = LaunchScreen;
				INFOPLIST_KEY_UIMainStoryboardFile = Main;
				INFOPLIST_KEY_UISupportedInterfaceOrientations_iPad = "UIInterfaceOrientationPortrait UIInterfaceOrientationPortraitUpsideDown UIInterfaceOrientationLandscapeLeft UIInterfaceOrientationLandscapeRight";
				INFOPLIST_KEY_UISupportedInterfaceOrientations_iPhone = "UIInterfaceOrientationPortrait UIInterfaceOrientationLandscapeLeft UIInterfaceOrientationLandscapeRight";
				LD_RUNPATH_SEARCH_PATHS = (
					"$(inherited)",
					"@executable_path/Frameworks",
				);
				MARKETING_VERSION = 1.0;
				PRODUCT_BUNDLE_IDENTIFIER = oP.Mutfaktan;
				PRODUCT_NAME = "$(TARGET_NAME)";
				SWIFT_EMIT_LOC_STRINGS = YES;
				SWIFT_VERSION = 5.0;
				TARGETED_DEVICE_FAMILY = "1,2";
			};
			name = Release;
		};
		EF84F4612DD7E40E000D2534 /* Debug */ = {
			isa = XCBuildConfiguration;
			buildSettings = {
				ALWAYS_SEARCH_USER_PATHS = NO;
				ASSETCATALOG_COMPILER_GENERATE_SWIFT_ASSET_SYMBOL_EXTENSIONS = YES;
				CLANG_ANALYZER_NONNULL = YES;
				CLANG_ANALYZER_NUMBER_OBJECT_CONVERSION = YES_AGGRESSIVE;
				CLANG_CXX_LANGUAGE_STANDARD = "gnu++20";
				CLANG_ENABLE_MODULES = YES;
				CLANG_ENABLE_OBJC_ARC = YES;
				CLANG_ENABLE_OBJC_WEAK = YES;
				CLANG_WARN_BLOCK_CAPTURE_AUTORELEASING = YES;
				CLANG_WARN_BOOL_CONVERSION = YES;
				CLANG_WARN_COMMA = YES;
				CLANG_WARN_CONSTANT_CONVERSION = YES;
				CLANG_WARN_DEPRECATED_OBJC_IMPLEMENTATIONS = YES;
				CLANG_WARN_DIRECT_OBJC_ISA_USAGE = YES_ERROR;
				CLANG_WARN_DOCUMENTATION_COMMENTS = YES;
				CLANG_WARN_EMPTY_BODY = YES;
				CLANG_WARN_ENUM_CONVERSION = YES;
				CLANG_WARN_INFINITE_RECURSION = YES;
				CLANG_WARN_INT_CONVERSION = YES;
				CLANG_WARN_NON_LITERAL_NULL_CONVERSION = YES;
				CLANG_WARN_OBJC_IMPLICIT_RETAIN_SELF = YES;
				CLANG_WARN_OBJC_LITERAL_CONVERSION = YES;
				CLANG_WARN_OBJC_ROOT_CLASS = YES_ERROR;
				CLANG_WARN_QUOTED_INCLUDE_IN_FRAMEWORK_HEADER = YES;
				CLANG_WARN_RANGE_LOOP_ANALYSIS = YES;
				CLANG_WARN_STRICT_PROTOTYPES = YES;
				CLANG_WARN_SUSPICIOUS_MOVE = YES;
				CLANG_WARN_UNGUARDED_AVAILABILITY = YES_AGGRESSIVE;
				CLANG_WARN_UNREACHABLE_CODE = YES;
				CLANG_WARN__DUPLICATE_METHOD_MATCH = YES;
				COPY_PHASE_STRIP = NO;
				DEBUG_INFORMATION_FORMAT = dwarf;
				DEVELOPMENT_TEAM = 8GV7LA2PP6;
				ENABLE_STRICT_OBJC_MSGSEND = YES;
				ENABLE_TESTABILITY = YES;
				ENABLE_USER_SCRIPT_SANDBOXING = YES;
				GCC_C_LANGUAGE_STANDARD = gnu17;
				GCC_DYNAMIC_NO_PIC = NO;
				GCC_NO_COMMON_BLOCKS = YES;
				GCC_OPTIMIZATION_LEVEL = 0;
				GCC_PREPROCESSOR_DEFINITIONS = (
					"DEBUG=1",
					"$(inherited)",
				);
				GCC_WARN_64_TO_32_BIT_CONVERSION = YES;
				GCC_WARN_ABOUT_RETURN_TYPE = YES_ERROR;
				GCC_WARN_UNDECLARED_SELECTOR = YES;
				GCC_WARN_UNINITIALIZED_AUTOS = YES_AGGRESSIVE;
				GCC_WARN_UNUSED_FUNCTION = YES;
				GCC_WARN_UNUSED_VARIABLE = YES;
				IPHONEOS_DEPLOYMENT_TARGET = 18.4;
				LOCALIZATION_PREFERS_STRING_CATALOGS = YES;
				MTL_ENABLE_DEBUG_INFO = INCLUDE_SOURCE;
				MTL_FAST_MATH = YES;
				ONLY_ACTIVE_ARCH = YES;
				SDKROOT = iphoneos;
				SWIFT_ACTIVE_COMPILATION_CONDITIONS = "DEBUG $(inherited)";
				SWIFT_OPTIMIZATION_LEVEL = "-Onone";
			};
			name = Debug;
		};
		EF84F4622DD7E40E000D2534 /* Release */ = {
			isa = XCBuildConfiguration;
			buildSettings = {
				ALWAYS_SEARCH_USER_PATHS = NO;
				ASSETCATALOG_COMPILER_GENERATE_SWIFT_ASSET_SYMBOL_EXTENSIONS = YES;
				CLANG_ANALYZER_NONNULL = YES;
				CLANG_ANALYZER_NUMBER_OBJECT_CONVERSION = YES_AGGRESSIVE;
				CLANG_CXX_LANGUAGE_STANDARD = "gnu++20";
				CLANG_ENABLE_MODULES = YES;
				CLANG_ENABLE_OBJC_ARC = YES;
				CLANG_ENABLE_OBJC_WEAK = YES;
				CLANG_WARN_BLOCK_CAPTURE_AUTORELEASING = YES;
				CLANG_WARN_BOOL_CONVERSION = YES;
				CLANG_WARN_COMMA = YES;
				CLANG_WARN_CONSTANT_CONVERSION = YES;
				CLANG_WARN_DEPRECATED_OBJC_IMPLEMENTATIONS = YES;
				CLANG_WARN_DIRECT_OBJC_ISA_USAGE = YES_ERROR;
				CLANG_WARN_DOCUMENTATION_COMMENTS = YES;
				CLANG_WARN_EMPTY_BODY = YES;
				CLANG_WARN_ENUM_CONVERSION = YES;
				CLANG_WARN_INFINITE_RECURSION = YES;
				CLANG_WARN_INT_CONVERSION = YES;
				CLANG_WARN_NON_LITERAL_NULL_CONVERSION = YES;
				CLANG_WARN_OBJC_IMPLICIT_RETAIN_SELF = YES;
				CLANG_WARN_OBJC_LITERAL_CONVERSION = YES;
				CLANG_WARN_OBJC_ROOT_CLASS = YES_ERROR;
				CLANG_WARN_QUOTED_INCLUDE_IN_FRAMEWORK_HEADER = YES;
				CLANG_WARN_RANGE_LOOP_ANALYSIS = YES;
				CLANG_WARN_STRICT_PROTOTYPES = YES;
				CLANG_WARN_SUSPICIOUS_MOVE = YES;
				CLANG_WARN_UNGUARDED_AVAILABILITY = YES_AGGRESSIVE;
				CLANG_WARN_UNREACHABLE_CODE = YES;
				CLANG_WARN__DUPLICATE_METHOD_MATCH = YES;
				COPY_PHASE_STRIP = NO;
				DEBUG_INFORMATION_FORMAT = "dwarf-with-dsym";
				DEVELOPMENT_TEAM = 8GV7LA2PP6;
				ENABLE_NS_ASSERTIONS = NO;
				ENABLE_STRICT_OBJC_MSGSEND = YES;
				ENABLE_USER_SCRIPT_SANDBOXING = YES;
				GCC_C_LANGUAGE_STANDARD = gnu17;
				GCC_NO_COMMON_BLOCKS = YES;
				GCC_WARN_64_TO_32_BIT_CONVERSION = YES;
				GCC_WARN_ABOUT_RETURN_TYPE = YES_ERROR;
				GCC_WARN_UNDECLARED_SELECTOR = YES;
				GCC_WARN_UNINITIALIZED_AUTOS = YES_AGGRESSIVE;
				GCC_WARN_UNUSED_FUNCTION = YES;
				GCC_WARN_UNUSED_VARIABLE = YES;
				IPHONEOS_DEPLOYMENT_TARGET = 18.4;
				LOCALIZATION_PREFERS_STRING_CATALOGS = YES;
				MTL_ENABLE_DEBUG_INFO = NO;
				MTL_FAST_MATH = YES;
				SDKROOT = iphoneos;
				SWIFT_COMPILATION_MODE = wholemodule;
				VALIDATE_PRODUCT = YES;
			};
			name = Release;
		};
		EF84F4642DD7E40E000D2534 /* Debug */ = {
			isa = XCBuildConfiguration;
			buildSettings = {
				BUNDLE_LOADER = "$(TEST_HOST)";
				CODE_SIGN_STYLE = Automatic;
				CURRENT_PROJECT_VERSION = 1;
				DEVELOPMENT_TEAM = 8GV7LA2PP6;
				GENERATE_INFOPLIST_FILE = YES;
				IPHONEOS_DEPLOYMENT_TARGET = 18.4;
				MARKETING_VERSION = 1.0;
				PRODUCT_BUNDLE_IDENTIFIER = oP.MutfaktanTests;
				PRODUCT_NAME = "$(TARGET_NAME)";
				SWIFT_EMIT_LOC_STRINGS = NO;
				SWIFT_VERSION = 5.0;
				TARGETED_DEVICE_FAMILY = "1,2";
				TEST_HOST = "$(BUILT_PRODUCTS_DIR)/Mutfaktan.app/$(BUNDLE_EXECUTABLE_FOLDER_PATH)/Mutfaktan";
			};
			name = Debug;
		};
		EF84F4652DD7E40E000D2534 /* Release */ = {
			isa = XCBuildConfiguration;
			buildSettings = {
				BUNDLE_LOADER = "$(TEST_HOST)";
				CODE_SIGN_STYLE = Automatic;
				CURRENT_PROJECT_VERSION = 1;
				DEVELOPMENT_TEAM = 8GV7LA2PP6;
				GENERATE_INFOPLIST_FILE = YES;
				IPHONEOS_DEPLOYMENT_TARGET = 18.4;
				MARKETING_VERSION = 1.0;
				PRODUCT_BUNDLE_IDENTIFIER = oP.MutfaktanTests;
				PRODUCT_NAME = "$(TARGET_NAME)";
				SWIFT_EMIT_LOC_STRINGS = NO;
				SWIFT_VERSION = 5.0;
				TARGETED_DEVICE_FAMILY = "1,2";
				TEST_HOST = "$(BUILT_PRODUCTS_DIR)/Mutfaktan.app/$(BUNDLE_EXECUTABLE_FOLDER_PATH)/Mutfaktan";
			};
			name = Release;
		};
		EF84F4672DD7E40E000D2534 /* Debug */ = {
			isa = XCBuildConfiguration;
			buildSettings = {
				CODE_SIGN_STYLE = Automatic;
				CURRENT_PROJECT_VERSION = 1;
				DEVELOPMENT_TEAM = 8GV7LA2PP6;
				GENERATE_INFOPLIST_FILE = YES;
				MARKETING_VERSION = 1.0;
				PRODUCT_BUNDLE_IDENTIFIER = oP.MutfaktanUITests;
				PRODUCT_NAME = "$(TARGET_NAME)";
				SWIFT_EMIT_LOC_STRINGS = NO;
				SWIFT_VERSION = 5.0;
				TARGETED_DEVICE_FAMILY = "1,2";
				TEST_TARGET_NAME = Mutfaktan;
			};
			name = Debug;
		};
		EF84F4682DD7E40E000D2534 /* Release */ = {
			isa = XCBuildConfiguration;
			buildSettings = {
				CODE_SIGN_STYLE = Automatic;
				CURRENT_PROJECT_VERSION = 1;
				DEVELOPMENT_TEAM = 8GV7LA2PP6;
				GENERATE_INFOPLIST_FILE = YES;
				MARKETING_VERSION = 1.0;
				PRODUCT_BUNDLE_IDENTIFIER = oP.MutfaktanUITests;
				PRODUCT_NAME = "$(TARGET_NAME)";
				SWIFT_EMIT_LOC_STRINGS = NO;
				SWIFT_VERSION = 5.0;
				TARGETED_DEVICE_FAMILY = "1,2";
				TEST_TARGET_NAME = Mutfaktan;
			};
			name = Release;
		};
/* End XCBuildConfiguration section */

/* Begin XCConfigurationList section */
		EF84F4302DD7E40C000D2534 /* Build configuration list for PBXProject "Mutfaktan" */ = {
			isa = XCConfigurationList;
			buildConfigurations = (
				EF84F4612DD7E40E000D2534 /* Debug */,
				EF84F4622DD7E40E000D2534 /* Release */,
			);
			defaultConfigurationIsVisible = 0;
			defaultConfigurationName = Release;
		};
		EF84F45E2DD7E40E000D2534 /* Build configuration list for PBXNativeTarget "Mutfaktan" */ = {
			isa = XCConfigurationList;
			buildConfigurations = (
				EF84F45F2DD7E40E000D2534 /* Debug */,
				EF84F4602DD7E40E000D2534 /* Release */,
			);
			defaultConfigurationIsVisible = 0;
			defaultConfigurationName = Release;
		};
		EF84F4632DD7E40E000D2534 /* Build configuration list for PBXNativeTarget "MutfaktanTests" */ = {
			isa = XCConfigurationList;
			buildConfigurations = (
				EF84F4642DD7E40E000D2534 /* Debug */,
				EF84F4652DD7E40E000D2534 /* Release */,
			);
			defaultConfigurationIsVisible = 0;
			defaultConfigurationName = Release;
		};
		EF84F4662DD7E40E000D2534 /* Build configuration list for PBXNativeTarget "MutfaktanUITests" */ = {
			isa = XCConfigurationList;
			buildConfigurations = (
				EF84F4672DD7E40E000D2534 /* Debug */,
				EF84F4682DD7E40E000D2534 /* Release */,
			);
			defaultConfigurationIsVisible = 0;
			defaultConfigurationName = Release;
		};
/* End XCConfigurationList section */

/* Begin XCRemoteSwiftPackageReference section */
		EF84F46B2DD7EAF5000D2534 /* XCRemoteSwiftPackageReference "firebase-ios-sdk" */ = {
			isa = XCRemoteSwiftPackageReference;
			repositoryURL = "https://github.com/firebase/firebase-ios-sdk";
			requirement = {
				kind = upToNextMajorVersion;
				minimumVersion = 11.12.0;
			};
		};
/* End XCRemoteSwiftPackageReference section */

/* Begin XCSwiftPackageProductDependency section */
		EF84F46C2DD7EAF5000D2534 /* FirebaseAnalytics */ = {
			isa = XCSwiftPackageProductDependency;
			package = EF84F46B2DD7EAF5000D2534 /* XCRemoteSwiftPackageReference "firebase-ios-sdk" */;
			productName = FirebaseAnalytics;
		};
		EF84F46E2DD7EAF5000D2534 /* FirebaseAuth */ = {
			isa = XCSwiftPackageProductDependency;
			package = EF84F46B2DD7EAF5000D2534 /* XCRemoteSwiftPackageReference "firebase-ios-sdk" */;
			productName = FirebaseAuth;
		};
		EF84F4702DD7EAF5000D2534 /* FirebaseCore */ = {
			isa = XCSwiftPackageProductDependency;
			package = EF84F46B2DD7EAF5000D2534 /* XCRemoteSwiftPackageReference "firebase-ios-sdk" */;
			productName = FirebaseCore;
		};
		EF84F4722DD7EAF5000D2534 /* FirebaseDatabase */ = {
			isa = XCSwiftPackageProductDependency;
			package = EF84F46B2DD7EAF5000D2534 /* XCRemoteSwiftPackageReference "firebase-ios-sdk" */;
			productName = FirebaseDatabase;
		};
		EF84F4742DD7EAF5000D2534 /* FirebaseFirestore */ = {
			isa = XCSwiftPackageProductDependency;
			package = EF84F46B2DD7EAF5000D2534 /* XCRemoteSwiftPackageReference "firebase-ios-sdk" */;
			productName = FirebaseFirestore;
		};
		EF84F4762DD7EAF5000D2534 /* FirebaseFirestoreCombine-Community */ = {
			isa = XCSwiftPackageProductDependency;
			package = EF84F46B2DD7EAF5000D2534 /* XCRemoteSwiftPackageReference "firebase-ios-sdk" */;
			productName = "FirebaseFirestoreCombine-Community";
		};
		EF84F4782DD7EAF5000D2534 /* FirebaseStorage */ = {
			isa = XCSwiftPackageProductDependency;
			package = EF84F46B2DD7EAF5000D2534 /* XCRemoteSwiftPackageReference "firebase-ios-sdk" */;
			productName = FirebaseStorage;
		};
		EF84F47A2DD7EAF5000D2534 /* FirebaseStorageCombine-Community */ = {
			isa = XCSwiftPackageProductDependency;
			package = EF84F46B2DD7EAF5000D2534 /* XCRemoteSwiftPackageReference "firebase-ios-sdk" */;
			productName = "FirebaseStorageCombine-Community";
		};
/* End XCSwiftPackageProductDependency section */
	};
	rootObject = EF84F42D2DD7E40C000D2534 /* Project object */;
}
